
Microsoft Visual Studio Solution File, Format Version 12.00
# Visual Studio Version 16
VisualStudioVersion = 16.0.30907.101
MinimumVisualStudioVersion = 10.0.40219.1
Project("{FAE04EC0-301F-11D3-BF4B-00C04F79EFBC}") = "CarRental (Romario Jennings 1701071)", "CarRental (Romario Jennings 1701071).csproj", "{192BF0F2-B192-459A-A9E3-C55E3F521B11}"
EndProject
Global
	GlobalSection(SolutionConfigurationPlatforms) = preSolution
		Debug|Any CPU = Debug|Any CPU
		Release|Any CPU = Release|Any CPU
	EndGlobalSection
	GlobalSection(ProjectConfigurationPlatforms) = postSolution
		{192BF0F2-B192-459A-A9E3-C55E3F521B11}.Debug|Any CPU.ActiveCfg = Debug|Any CPU
		{192BF0F2-B192-459A-A9E3-C55E3F521B11}.Debug|Any CPU.Build.0 = Debug|Any CPU
		{192BF0F2-B192-459A-A9E3-C55E3F521B11}.Release|Any CPU.ActiveCfg = Release|Any CPU
		{192BF0F2-B192-459A-A9E3-C55E3F521B11}.Release|Any CPU.Build.0 = Release|Any CPU
	EndGlobalSection
	GlobalSection(SolutionProperties) = preSolution
		HideSolutionNode = FALSE
	EndGlobalSection
	GlobalSection(ExtensibilityGlobals) = postSolution
		SolutionGuid = {CB86BBC3-3A77-40BC-AC48-E28631E8EF8F}
	EndGlobalSection
EndGlobal
